
Microsoft Visual Studio Solution File, Format Version 12.00
# Visual Studio Version 17
VisualStudioVersion = 17.1.32210.238
MinimumVisualStudioVersion = 10.0.40219.1
Project("{FAE04EC0-301F-11D3-BF4B-00C04F79EFBC}") = "MobilePacemaker.Android", "MobilePacemaker\MobilePacemaker.Android\MobilePacemaker.Android.csproj", "{8EDE395F-A721-4094-BD7D-5379FDBD7885}"
EndProject
Project("{FAE04EC0-301F-11D3-BF4B-00C04F79EFBC}") = "MobilePacemaker", "MobilePacemaker\MobilePacemaker\MobilePacemaker.csproj", "{79FBC12E-BF61-4909-A15A-93DCF41F88DB}"
EndProject
Global
	GlobalSection(SolutionConfigurationPlatforms) = preSolution
		Debug|Any CPU = Debug|Any CPU
		Release|Any CPU = Release|Any CPU
	EndGlobalSection
	GlobalSection(ProjectConfigurationPlatforms) = postSolution
		{8EDE395F-A721-4094-BD7D-5379FDBD7885}.Debug|Any CPU.ActiveCfg = Debug|Any CPU
		{8EDE395F-A721-4094-BD7D-5379FDBD7885}.Debug|Any CPU.Build.0 = Debug|Any CPU
		{8EDE395F-A721-4094-BD7D-5379FDBD7885}.Debug|Any CPU.Deploy.0 = Debug|Any CPU
		{8EDE395F-A721-4094-BD7D-5379FDBD7885}.Release|Any CPU.ActiveCfg = Release|Any CPU
		{8EDE395F-A721-4094-BD7D-5379FDBD7885}.Release|Any CPU.Build.0 = Release|Any CPU
		{8EDE395F-A721-4094-BD7D-5379FDBD7885}.Release|Any CPU.Deploy.0 = Release|Any CPU
		{79FBC12E-BF61-4909-A15A-93DCF41F88DB}.Debug|Any CPU.ActiveCfg = Debug|Any CPU
		{79FBC12E-BF61-4909-A15A-93DCF41F88DB}.Debug|Any CPU.Build.0 = Debug|Any CPU
		{79FBC12E-BF61-4909-A15A-93DCF41F88DB}.Debug|Any CPU.Deploy.0 = Debug|Any CPU
		{79FBC12E-BF61-4909-A15A-93DCF41F88DB}.Release|Any CPU.ActiveCfg = Release|Any CPU
		{79FBC12E-BF61-4909-A15A-93DCF41F88DB}.Release|Any CPU.Build.0 = Release|Any CPU
		{79FBC12E-BF61-4909-A15A-93DCF41F88DB}.Release|Any CPU.Deploy.0 = Release|Any CPU
	EndGlobalSection
	GlobalSection(SolutionProperties) = preSolution
		HideSolutionNode = FALSE
	EndGlobalSection
	GlobalSection(ExtensibilityGlobals) = postSolution
		SolutionGuid = {490654C5-9094-4969-8A11-7035CE886064}
	EndGlobalSection
EndGlobal
